
Microsoft Visual Studio Solution File, Format Version 12.00
# Visual Studio 2012
Project("{FAE04EC0-301F-11D3-BF4B-00C04F79EFBC}") = "NetCommTst.Client", "NetCommTst.Client\NetCommTst.Client.csproj", "{E9470EE4-7113-4C4A-B5F5-BBC6950F9ABD}"
EndProject
Project("{FAE04EC0-301F-11D3-BF4B-00C04F79EFBC}") = "NetCommTst.Server", "NetCommTst.Server\NetCommTst.Server.csproj", "{147B5DFD-49C4-4AC4-A64E-8AE80A93CEAD}"
EndProject
Project("{FAE04EC0-301F-11D3-BF4B-00C04F79EFBC}") = "NetCommTst.Common", "NetCommTst.Common\NetCommTst.Common.csproj", "{5F16CBDF-AAA2-4255-85A6-33FFE11C4DCB}"
EndProject
Project("{FAE04EC0-301F-11D3-BF4B-00C04F79EFBC}") = "NetCommTst.ServerRPC", "NetCommTst.ServerRPC\NetCommTst.ServerRPC.csproj", "{87AAD7EA-5800-4431-A23B-D2B429EA00B7}"
EndProject
Global
	GlobalSection(SolutionConfigurationPlatforms) = preSolution
		Debug|Any CPU = Debug|Any CPU
		Release|Any CPU = Release|Any CPU
	EndGlobalSection
	GlobalSection(ProjectConfigurationPlatforms) = postSolution
		{E9470EE4-7113-4C4A-B5F5-BBC6950F9ABD}.Debug|Any CPU.ActiveCfg = Debug|Any CPU
		{E9470EE4-7113-4C4A-B5F5-BBC6950F9ABD}.Debug|Any CPU.Build.0 = Debug|Any CPU
		{E9470EE4-7113-4C4A-B5F5-BBC6950F9ABD}.Release|Any CPU.ActiveCfg = Release|Any CPU
		{E9470EE4-7113-4C4A-B5F5-BBC6950F9ABD}.Release|Any CPU.Build.0 = Release|Any CPU
		{147B5DFD-49C4-4AC4-A64E-8AE80A93CEAD}.Debug|Any CPU.ActiveCfg = Debug|Any CPU
		{147B5DFD-49C4-4AC4-A64E-8AE80A93CEAD}.Debug|Any CPU.Build.0 = Debug|Any CPU
		{147B5DFD-49C4-4AC4-A64E-8AE80A93CEAD}.Release|Any CPU.ActiveCfg = Release|Any CPU
		{147B5DFD-49C4-4AC4-A64E-8AE80A93CEAD}.Release|Any CPU.Build.0 = Release|Any CPU
		{5F16CBDF-AAA2-4255-85A6-33FFE11C4DCB}.Debug|Any CPU.ActiveCfg = Debug|Any CPU
		{5F16CBDF-AAA2-4255-85A6-33FFE11C4DCB}.Debug|Any CPU.Build.0 = Debug|Any CPU
		{5F16CBDF-AAA2-4255-85A6-33FFE11C4DCB}.Release|Any CPU.ActiveCfg = Release|Any CPU
		{5F16CBDF-AAA2-4255-85A6-33FFE11C4DCB}.Release|Any CPU.Build.0 = Release|Any CPU
		{87AAD7EA-5800-4431-A23B-D2B429EA00B7}.Debug|Any CPU.ActiveCfg = Debug|Any CPU
		{87AAD7EA-5800-4431-A23B-D2B429EA00B7}.Debug|Any CPU.Build.0 = Debug|Any CPU
		{87AAD7EA-5800-4431-A23B-D2B429EA00B7}.Release|Any CPU.ActiveCfg = Release|Any CPU
		{87AAD7EA-5800-4431-A23B-D2B429EA00B7}.Release|Any CPU.Build.0 = Release|Any CPU
	EndGlobalSection
	GlobalSection(SolutionProperties) = preSolution
		HideSolutionNode = FALSE
	EndGlobalSection
EndGlobal
